// !$*UTF8*$!
{
	archiveVersion = 1;
	classes = {
	};
	objectVersion = 46;
	objects = {

/* Begin PBXFileReference section */
		FC3BC5181AAE8361001608B1 /* OmegaMaxEnt_license.h */ = {isa = PBXFileReference; lastKnownFileType = sourcecode.c.h; path = OmegaMaxEnt_license.h; sourceTree = "<group>"; };
		FC4D487D1A269C2E0035C357 /* generique.cpp */ = {isa = PBXFileReference; lastKnownFileType = sourcecode.cpp.cpp; path = generique.cpp; sourceTree = "<group>"; };
		FC4D487E1A269C2E0035C357 /* generique.h */ = {isa = PBXFileReference; lastKnownFileType = sourcecode.c.h; path = generique.h; sourceTree = "<group>"; };
		FC58008919F46E1E0023092F /* graph_2D.cpp */ = {isa = PBXFileReference; lastKnownFileType = sourcecode.cpp.cpp; path = graph_2D.cpp; sourceTree = "<group>"; };
		FC58008A19F46E1E0023092F /* includeDef.h */ = {isa = PBXFileReference; lastKnownFileType = sourcecode.c.h; path = includeDef.h; sourceTree = "<group>"; };
		FC58008E19F46E1E0023092F /* OmegaMaxEnt_data.cpp */ = {isa = PBXFileReference; lastKnownFileType = sourcecode.cpp.cpp; path = OmegaMaxEnt_data.cpp; sourceTree = "<group>"; };
		FC58008F19F46E1E0023092F /* OmegaMaxEnt_data.h */ = {isa = PBXFileReference; lastKnownFileType = sourcecode.c.h; path = OmegaMaxEnt_data.h; sourceTree = "<group>"; };
		FC58009119F46E1E0023092F /* OmegaMaxEnt_main.cpp */ = {isa = PBXFileReference; lastKnownFileType = sourcecode.cpp.cpp; path = OmegaMaxEnt_main.cpp; sourceTree = "<group>"; };
		FCE8374219F824A400C2C47C /* graph_2D.h */ = {isa = PBXFileReference; lastKnownFileType = sourcecode.c.h; path = graph_2D.h; sourceTree = "<group>"; };
/* End PBXFileReference section */

/* Begin PBXGroup section */
		FC58008119F46D5E0023092F = {
			isa = PBXGroup;
			children = (
				FCE8374219F824A400C2C47C /* graph_2D.h */,
				FC58008919F46E1E0023092F /* graph_2D.cpp */,
				FC58008F19F46E1E0023092F /* OmegaMaxEnt_data.h */,
				FC58008E19F46E1E0023092F /* OmegaMaxEnt_data.cpp */,
				FC3BC5181AAE8361001608B1 /* OmegaMaxEnt_license.h */,
				FC4D487D1A269C2E0035C357 /* generique.cpp */,
				FC4D487E1A269C2E0035C357 /* generique.h */,
				FC58009119F46E1E0023092F /* OmegaMaxEnt_main.cpp */,
				FC58008A19F46E1E0023092F /* includeDef.h */,
			);
			sourceTree = "<group>";
		};
/* End PBXGroup section */

/* Begin PBXProject section */
		FC58008219F46D5E0023092F /* Project object */ = {
			isa = PBXProject;
			attributes = {
				LastUpgradeCheck = 0600;
			};
			buildConfigurationList = FC58008519F46D5E0023092F /* Build configuration list for PBXProject "OmegaMaxEnt" */;
			compatibilityVersion = "Xcode 3.2";
			developmentRegion = English;
			hasScannedForEncodings = 0;
			knownRegions = (
				en,
			);
			mainGroup = FC58008119F46D5E0023092F;
			projectDirPath = "";
			projectRoot = "";
			targets = (
			);
		};
/* End PBXProject section */

/* Begin XCBuildConfiguration section */
		FC58008619F46D5E0023092F /* Debug */ = {
			isa = XCBuildConfiguration;
			buildSettings = {
			};
			name = Debug;
		};
		FC58008719F46D5E0023092F /* Release */ = {
			isa = XCBuildConfiguration;
			buildSettings = {
			};
			name = Release;
		};
/* End XCBuildConfiguration section */

/* Begin XCConfigurationList section */
		FC58008519F46D5E0023092F /* Build configuration list for PBXProject "OmegaMaxEnt" */ = {
			isa = XCConfigurationList;
			buildConfigurations = (
				FC58008619F46D5E0023092F /* Debug */,
				FC58008719F46D5E0023092F /* Release */,
			);
			defaultConfigurationIsVisible = 0;
			defaultConfigurationName = Release;
		};
/* End XCConfigurationList section */
	};
	rootObject = FC58008219F46D5E0023092F /* Project object */;
}
